<?xml version="1.0" encoding="utf-8"?>
<Project ToolsVersion="4.0" xmlns="http://schemas.microsoft.com/developer/msbuild/2003">
  <ItemGroup>
    <Filter Include="pdm">
      <UniqueIdentifier>{f7e69913-2051-402b-929e-07094f21a4e2}</UniqueIdentifier>
    </Filter>
    <Filter Include="cppunit_test">
      <UniqueIdentifier>{996a47a0-1178-4cb7-aec9-7df2ff8b6c7d}</UniqueIdentifier>
    </Filter>
    <Filter Include="main">
      <UniqueIdentifier>{a378d885-f2cc-4df2-b8f7-f8c23db12f95}</UniqueIdentifier>
    </Filter>
    <Filter Include="report">
      <UniqueIdentifier>{31fe90de-1187-43a4-94ec-ddaa835d8193}</UniqueIdentifier>
    </Filter>
  </ItemGroup>
  <ItemGroup>
    <ClInclude Include="..\pdm\pdm\pdm_container.h">
      <Filter>pdm</Filter>
    </ClInclude>
    <ClInclude Include="..\pdm\pdm\pdm_core.h">
      <Filter>pdm</Filter>
    </ClInclude>
    <ClInclude Include="..\pdm\pdm\pdm_map.h">
      <Filter>pdm</Filter>
    </ClInclude>
    <ClInclude Include="..\pdm\pdm\pdm_memory.h">
      <Filter>pdm</Filter>
    </ClInclude>
    <ClInclude Include="..\pdm\pdm\pdm_stack.h">
      <Filter>pdm</Filter>
    </ClInclude>
    <ClInclude Include="..\pdm\pdm\pdm_vector.h">
      <Filter>pdm</Filter>
    </ClInclude>
    <ClInclude Include="..\pdm\pdm\pdm.h">
      <Filter>pdm</Filter>
    </ClInclude>
    <ClInclude Include="..\pdm\pdm\pdm_allocator.h">
      <Filter>pdm</Filter>
    </ClInclude>
    <ClInclude Include="..\pdm\pdm\pdm_compare.h">
      <Filter>pdm</Filter>
    </ClInclude>
    <ClInclude Include="cppunit_test\testsuite_pdm.hpp">
      <Filter>cppunit_test</Filter>
    </ClInclude>
    <ClInclude Include="cppunit_test\tester.hpp">
      <Filter>cppunit_test</Filter>
    </ClInclude>
    <ClInclude Include="stdafx.h">
      <Filter>main</Filter>
    </ClInclude>
    <ClInclude Include="targetver.h">
      <Filter>main</Filter>
    </ClInclude>
  </ItemGroup>
  <ItemGroup>
    <ClCompile Include="..\pdm\pdm\pdm_container.c">
      <Filter>pdm</Filter>
    </ClCompile>
    <ClCompile Include="..\pdm\pdm\pdm_core.c">
      <Filter>pdm</Filter>
    </ClCompile>
    <ClCompile Include="..\pdm\pdm\pdm_memory.c">
      <Filter>pdm</Filter>
    </ClCompile>
    <ClCompile Include="..\pdm\pdm\pdm_stack.c">
      <Filter>pdm</Filter>
    </ClCompile>
    <ClCompile Include="..\pdm\pdm\pdm_vector.c">
      <Filter>pdm</Filter>
    </ClCompile>
    <ClCompile Include="..\pdm\pdm\pdm.c">
      <Filter>pdm</Filter>
    </ClCompile>
    <ClCompile Include="..\pdm\pdm\pdm_allocator.c">
      <Filter>pdm</Filter>
    </ClCompile>
    <ClCompile Include="..\pdm\pdm\pdm_compare.c">
      <Filter>pdm</Filter>
    </ClCompile>
    <ClCompile Include="cppunit_test\tester.cpp">
      <Filter>cppunit_test</Filter>
    </ClCompile>
    <ClCompile Include="cppunit_test\testsuite_pdm.cpp">
      <Filter>cppunit_test</Filter>
    </ClCompile>
    <ClCompile Include="cppunit_test\testsuite_pdm_map.cpp">
      <Filter>cppunit_test</Filter>
    </ClCompile>
    <ClCompile Include="..\pdm\pdm\pdm_map.c">
      <Filter>pdm</Filter>
    </ClCompile>
    <ClCompile Include="cppunit_test\testsuite_pdm_container.cpp">
      <Filter>cppunit_test</Filter>
    </ClCompile>
    <ClCompile Include="test_pdm.cpp">
      <Filter>main</Filter>
    </ClCompile>
    <ClCompile Include="stdafx.cpp">
      <Filter>main</Filter>
    </ClCompile>
  </ItemGroup>
  <ItemGroup>
    <Text Include="ReadMe.txt">
      <Filter>main</Filter>
    </Text>
  </ItemGroup>
  <ItemGroup>
    <Xml Include="cppunit-report.pdm.xml">
      <Filter>report</Filter>
    </Xml>
    <Xml Include="cppunit-report.xsl">
      <Filter>report</Filter>
    </Xml>
  </ItemGroup>
</Project>